
Microsoft Visual Studio Solution File, Format Version 12.00
# Visual Studio Version 16
VisualStudioVersion = 16.0.31402.337
MinimumVisualStudioVersion = 10.0.40219.1
Project("{FAE04EC0-301F-11D3-BF4B-00C04F79EFBC}") = "Ch10Ex01", "Ch10Ex01\Ch10Ex01.csproj", "{1606FA63-AD32-4B3F-A40F-07433E44AAC6}"
EndProject
Global
	GlobalSection(SolutionConfigurationPlatforms) = preSolution
		Debug|Any CPU = Debug|Any CPU
		Release|Any CPU = Release|Any CPU
	EndGlobalSection
	GlobalSection(ProjectConfigurationPlatforms) = postSolution
		{1606FA63-AD32-4B3F-A40F-07433E44AAC6}.Debug|Any CPU.ActiveCfg = Debug|Any CPU
		{1606FA63-AD32-4B3F-A40F-07433E44AAC6}.Debug|Any CPU.Build.0 = Debug|Any CPU
		{1606FA63-AD32-4B3F-A40F-07433E44AAC6}.Release|Any CPU.ActiveCfg = Release|Any CPU
		{1606FA63-AD32-4B3F-A40F-07433E44AAC6}.Release|Any CPU.Build.0 = Release|Any CPU
	EndGlobalSection
	GlobalSection(SolutionProperties) = preSolution
		HideSolutionNode = FALSE
	EndGlobalSection
	GlobalSection(ExtensibilityGlobals) = postSolution
		SolutionGuid = {D493707E-71DE-41F4-BFC9-19E2D9298167}
	EndGlobalSection
EndGlobal
