
Microsoft Visual Studio Solution File, Format Version 12.00
# Visual Studio Version 16
VisualStudioVersion = 16.0.31402.337
MinimumVisualStudioVersion = 10.0.40219.1
Project("{FAE04EC0-301F-11D3-BF4B-00C04F79EFBC}") = "ClassLibraryTrain", "ClassLibraryTrain\ClassLibraryTrain.csproj", "{DA190932-7E21-42B9-8B90-D83DBB3E992F}"
EndProject
Global
	GlobalSection(SolutionConfigurationPlatforms) = preSolution
		Debug|Any CPU = Debug|Any CPU
		Release|Any CPU = Release|Any CPU
	EndGlobalSection
	GlobalSection(ProjectConfigurationPlatforms) = postSolution
		{DA190932-7E21-42B9-8B90-D83DBB3E992F}.Debug|Any CPU.ActiveCfg = Debug|Any CPU
		{DA190932-7E21-42B9-8B90-D83DBB3E992F}.Debug|Any CPU.Build.0 = Debug|Any CPU
		{DA190932-7E21-42B9-8B90-D83DBB3E992F}.Release|Any CPU.ActiveCfg = Release|Any CPU
		{DA190932-7E21-42B9-8B90-D83DBB3E992F}.Release|Any CPU.Build.0 = Release|Any CPU
	EndGlobalSection
	GlobalSection(SolutionProperties) = preSolution
		HideSolutionNode = FALSE
	EndGlobalSection
	GlobalSection(ExtensibilityGlobals) = postSolution
		SolutionGuid = {D13E403A-48E1-4E66-8674-1166F7088867}
	EndGlobalSection
EndGlobal
