
Microsoft Visual Studio Solution File, Format Version 12.00
# Visual Studio Version 16
VisualStudioVersion = 16.0.31402.337
MinimumVisualStudioVersion = 10.0.40219.1
Project("{FAE04EC0-301F-11D3-BF4B-00C04F79EFBC}") = "Ch03Ex01", "Ch03Ex01\Ch03Ex01.csproj", "{B0000FD1-E96D-4391-9505-E55C78EB6F9E}"
EndProject
Global
	GlobalSection(SolutionConfigurationPlatforms) = preSolution
		Debug|Any CPU = Debug|Any CPU
		Release|Any CPU = Release|Any CPU
	EndGlobalSection
	GlobalSection(ProjectConfigurationPlatforms) = postSolution
		{B0000FD1-E96D-4391-9505-E55C78EB6F9E}.Debug|Any CPU.ActiveCfg = Debug|Any CPU
		{B0000FD1-E96D-4391-9505-E55C78EB6F9E}.Debug|Any CPU.Build.0 = Debug|Any CPU
		{B0000FD1-E96D-4391-9505-E55C78EB6F9E}.Release|Any CPU.ActiveCfg = Release|Any CPU
		{B0000FD1-E96D-4391-9505-E55C78EB6F9E}.Release|Any CPU.Build.0 = Release|Any CPU
	EndGlobalSection
	GlobalSection(SolutionProperties) = preSolution
		HideSolutionNode = FALSE
	EndGlobalSection
	GlobalSection(ExtensibilityGlobals) = postSolution
		SolutionGuid = {CC66C36A-464D-4FB3-8E1D-D900162B1C8B}
	EndGlobalSection
EndGlobal
